# THIS IS AN AUTOGENERATED FILE. DO NOT EDIT THIS FILE DIRECTLY.
# yarn lockfile v1


prettier@1.14.0:
  version "1.14.0"
  resolved "https://registry.yarnpkg.com/prettier/-/prettier-1.14.0.tgz#847c235522035fd988100f1f43cf20a7d24f9372"

typescript@3.0.1:
  version "3.0.1"
  resolved "https://registry.yarnpkg.com/typescript/-/typescript-3.0.1.tgz#43738f29585d3a87575520a4b93ab6026ef11fdb"
