# THIS IS AN AUTOGENERATED FILE. DO NOT EDIT THIS FILE DIRECTLY.
# yarn lockfile v1


"@types/node@*":
  version "9.4.6"
  resolved "https://registry.yarnpkg.com/@types/node/-/node-9.4.6.tgz#d8176d864ee48753d053783e4e463aec86b8d82e"

"@types/react-dom@16.0.4":
  version "16.0.4"
  resolved "https://registry.yarnpkg.com/@types/react-dom/-/react-dom-16.0.4.tgz#2e8fd45f5443780ed49bf2cdd9809e6091177a7d"
  dependencies:
    "@types/node" "*"
    "@types/react" "*"

"@types/react-redux@5.0.15":
  version "5.0.15"
  resolved "https://registry.yarnpkg.com/@types/react-redux/-/react-redux-5.0.15.tgz#420af2c702ac7aab321cf45bb7d3cb2503dd24d5"
  dependencies:
    "@types/react" "*"
    redux "^3.6.0"

"@types/react@*", "@types/react@16.0.38":
  version "16.0.38"
  resolved "https://registry.yarnpkg.com/@types/react/-/react-16.0.38.tgz#76617433ea10274505f60bb86eddfdd0476ffdc2"

js-tokens@^3.0.0:
  version "3.0.2"
  resolved "https://registry.yarnpkg.com/js-tokens/-/js-tokens-3.0.2.tgz#9866df395102130e38f7f996bceb65443209c25b"

lodash-es@^4.2.1:
  version "4.17.5"
  resolved "https://registry.yarnpkg.com/lodash-es/-/lodash-es-4.17.5.tgz#9fc6e737b1c4d151d8f9cae2247305d552ce748f"

lodash@^4.2.1:
  version "4.17.5"
  resolved "https://registry.yarnpkg.com/lodash/-/lodash-4.17.5.tgz#99a92d65c0272debe8c96b6057bc8fbfa3bed511"

loose-envify@^1.1.0:
  version "1.3.1"
  resolved "https://registry.yarnpkg.com/loose-envify/-/loose-envify-1.3.1.tgz#d1a8ad33fa9ce0e713d65fdd0ac8b748d478c848"
  dependencies:
    js-tokens "^3.0.0"

redux@3.7.2, redux@^3.6.0:
  version "3.7.2"
  resolved "https://registry.yarnpkg.com/redux/-/redux-3.7.2.tgz#06b73123215901d25d065be342eb026bc1c8537b"
  dependencies:
    lodash "^4.2.1"
    lodash-es "^4.2.1"
    loose-envify "^1.1.0"
    symbol-observable "^1.0.3"

symbol-observable@^1.0.3:
  version "1.2.0"
  resolved "https://registry.yarnpkg.com/symbol-observable/-/symbol-observable-1.2.0.tgz#c22688aed4eab3cdc2dfeacbb561660560a00804"

tslib@1.9.0:
  version "1.9.0"
  resolved "https://registry.yarnpkg.com/tslib/-/tslib-1.9.0.tgz#e37a86fda8cbbaf23a057f473c9f4dc64e5fc2e8"

typescript@2.8.0-dev.20180215:
  version "2.8.0-dev.20180215"
  resolved "https://registry.yarnpkg.com/typescript/-/typescript-2.8.0-dev.20180215.tgz#2baf13be7c234a1a79a77552bf015da31e3fe4b9"
